
Microsoft Visual Studio Solution File, Format Version 12.00
# Visual Studio Version 17
VisualStudioVersion = 17.4.33205.214
MinimumVisualStudioVersion = 10.0.40219.1
Project("{8BC9CEB8-8B4A-11D0-8D11-00A0C91BC942}") = "STL的学习", "STL的学习\STL的学习.vcxproj", "{7C364C21-5000-450C-A0AB-A16CA92ACF1A}"
EndProject
Project("{8BC9CEB8-8B4A-11D0-8D11-00A0C91BC942}") = "deque的学习", "deque的学习\deque的学习.vcxproj", "{29A552F3-E86D-4C19-A919-F32E09AF10FD}"
EndProject
Project("{8BC9CEB8-8B4A-11D0-8D11-00A0C91BC942}") = "案例", "案例\案例.vcxproj", "{4CAA0A86-D8D5-40AD-9DB5-0373881CD12B}"
EndProject
Project("{8BC9CEB8-8B4A-11D0-8D11-00A0C91BC942}") = "stack的学习", "stack的学习\stack的学习.vcxproj", "{BA69EE16-64F0-457F-BDB3-535FF08AB7F5}"
EndProject
Project("{8BC9CEB8-8B4A-11D0-8D11-00A0C91BC942}") = "queue的学习", "queue的学习\queue的学习.vcxproj", "{23CCDF4A-91C2-4FA5-A95E-D7968E695703}"
EndProject
Project("{8BC9CEB8-8B4A-11D0-8D11-00A0C91BC942}") = "list的学习", "list的学习\list的学习.vcxproj", "{A591A6AA-4830-41BA-9758-E7F52D7F027F}"
EndProject
Global
	GlobalSection(SolutionConfigurationPlatforms) = preSolution
		Debug|x64 = Debug|x64
		Debug|x86 = Debug|x86
		Release|x64 = Release|x64
		Release|x86 = Release|x86
	EndGlobalSection
	GlobalSection(ProjectConfigurationPlatforms) = postSolution
		{7C364C21-5000-450C-A0AB-A16CA92ACF1A}.Debug|x64.ActiveCfg = Debug|x64
		{7C364C21-5000-450C-A0AB-A16CA92ACF1A}.Debug|x64.Build.0 = Debug|x64
		{7C364C21-5000-450C-A0AB-A16CA92ACF1A}.Debug|x86.ActiveCfg = Debug|Win32
		{7C364C21-5000-450C-A0AB-A16CA92ACF1A}.Debug|x86.Build.0 = Debug|Win32
		{7C364C21-5000-450C-A0AB-A16CA92ACF1A}.Release|x64.ActiveCfg = Release|x64
		{7C364C21-5000-450C-A0AB-A16CA92ACF1A}.Release|x64.Build.0 = Release|x64
		{7C364C21-5000-450C-A0AB-A16CA92ACF1A}.Release|x86.ActiveCfg = Release|Win32
		{7C364C21-5000-450C-A0AB-A16CA92ACF1A}.Release|x86.Build.0 = Release|Win32
		{29A552F3-E86D-4C19-A919-F32E09AF10FD}.Debug|x64.ActiveCfg = Debug|x64
		{29A552F3-E86D-4C19-A919-F32E09AF10FD}.Debug|x64.Build.0 = Debug|x64
		{29A552F3-E86D-4C19-A919-F32E09AF10FD}.Debug|x86.ActiveCfg = Debug|Win32
		{29A552F3-E86D-4C19-A919-F32E09AF10FD}.Debug|x86.Build.0 = Debug|Win32
		{29A552F3-E86D-4C19-A919-F32E09AF10FD}.Release|x64.ActiveCfg = Release|x64
		{29A552F3-E86D-4C19-A919-F32E09AF10FD}.Release|x64.Build.0 = Release|x64
		{29A552F3-E86D-4C19-A919-F32E09AF10FD}.Release|x86.ActiveCfg = Release|Win32
		{29A552F3-E86D-4C19-A919-F32E09AF10FD}.Release|x86.Build.0 = Release|Win32
		{4CAA0A86-D8D5-40AD-9DB5-0373881CD12B}.Debug|x64.ActiveCfg = Debug|x64
		{4CAA0A86-D8D5-40AD-9DB5-0373881CD12B}.Debug|x64.Build.0 = Debug|x64
		{4CAA0A86-D8D5-40AD-9DB5-0373881CD12B}.Debug|x86.ActiveCfg = Debug|Win32
		{4CAA0A86-D8D5-40AD-9DB5-0373881CD12B}.Debug|x86.Build.0 = Debug|Win32
		{4CAA0A86-D8D5-40AD-9DB5-0373881CD12B}.Release|x64.ActiveCfg = Release|x64
		{4CAA0A86-D8D5-40AD-9DB5-0373881CD12B}.Release|x64.Build.0 = Release|x64
		{4CAA0A86-D8D5-40AD-9DB5-0373881CD12B}.Release|x86.ActiveCfg = Release|Win32
		{4CAA0A86-D8D5-40AD-9DB5-0373881CD12B}.Release|x86.Build.0 = Release|Win32
		{BA69EE16-64F0-457F-BDB3-535FF08AB7F5}.Debug|x64.ActiveCfg = Debug|x64
		{BA69EE16-64F0-457F-BDB3-535FF08AB7F5}.Debug|x64.Build.0 = Debug|x64
		{BA69EE16-64F0-457F-BDB3-535FF08AB7F5}.Debug|x86.ActiveCfg = Debug|Win32
		{BA69EE16-64F0-457F-BDB3-535FF08AB7F5}.Debug|x86.Build.0 = Debug|Win32
		{BA69EE16-64F0-457F-BDB3-535FF08AB7F5}.Release|x64.ActiveCfg = Release|x64
		{BA69EE16-64F0-457F-BDB3-535FF08AB7F5}.Release|x64.Build.0 = Release|x64
		{BA69EE16-64F0-457F-BDB3-535FF08AB7F5}.Release|x86.ActiveCfg = Release|Win32
		{BA69EE16-64F0-457F-BDB3-535FF08AB7F5}.Release|x86.Build.0 = Release|Win32
		{23CCDF4A-91C2-4FA5-A95E-D7968E695703}.Debug|x64.ActiveCfg = Debug|x64
		{23CCDF4A-91C2-4FA5-A95E-D7968E695703}.Debug|x64.Build.0 = Debug|x64
		{23CCDF4A-91C2-4FA5-A95E-D7968E695703}.Debug|x86.ActiveCfg = Debug|Win32
		{23CCDF4A-91C2-4FA5-A95E-D7968E695703}.Debug|x86.Build.0 = Debug|Win32
		{23CCDF4A-91C2-4FA5-A95E-D7968E695703}.Release|x64.ActiveCfg = Release|x64
		{23CCDF4A-91C2-4FA5-A95E-D7968E695703}.Release|x64.Build.0 = Release|x64
		{23CCDF4A-91C2-4FA5-A95E-D7968E695703}.Release|x86.ActiveCfg = Release|Win32
		{23CCDF4A-91C2-4FA5-A95E-D7968E695703}.Release|x86.Build.0 = Release|Win32
		{A591A6AA-4830-41BA-9758-E7F52D7F027F}.Debug|x64.ActiveCfg = Debug|x64
		{A591A6AA-4830-41BA-9758-E7F52D7F027F}.Debug|x64.Build.0 = Debug|x64
		{A591A6AA-4830-41BA-9758-E7F52D7F027F}.Debug|x86.ActiveCfg = Debug|Win32
		{A591A6AA-4830-41BA-9758-E7F52D7F027F}.Debug|x86.Build.0 = Debug|Win32
		{A591A6AA-4830-41BA-9758-E7F52D7F027F}.Release|x64.ActiveCfg = Release|x64
		{A591A6AA-4830-41BA-9758-E7F52D7F027F}.Release|x64.Build.0 = Release|x64
		{A591A6AA-4830-41BA-9758-E7F52D7F027F}.Release|x86.ActiveCfg = Release|Win32
		{A591A6AA-4830-41BA-9758-E7F52D7F027F}.Release|x86.Build.0 = Release|Win32
	EndGlobalSection
	GlobalSection(SolutionProperties) = preSolution
		HideSolutionNode = FALSE
	EndGlobalSection
	GlobalSection(ExtensibilityGlobals) = postSolution
		SolutionGuid = {BA6A9528-99E8-46AA-A055-3085BA4FF219}
	EndGlobalSection
EndGlobal
